
Microsoft Visual Studio Solution File, Format Version 12.00
# Visual Studio Version 17
VisualStudioVersion = 17.2.32602.215
MinimumVisualStudioVersion = 10.0.40219.1
Project("{FAE04EC0-301F-11D3-BF4B-00C04F79EFBC}") = "ConsoleAppWaterPollution", "ConsoleAppWaterPollution\ConsoleAppWaterPollution.csproj", "{A8F419A3-19A6-4236-9E59-17C701B59586}"
EndProject
Global
	GlobalSection(SolutionConfigurationPlatforms) = preSolution
		Debug|Any CPU = Debug|Any CPU
		Release|Any CPU = Release|Any CPU
	EndGlobalSection
	GlobalSection(ProjectConfigurationPlatforms) = postSolution
		{A8F419A3-19A6-4236-9E59-17C701B59586}.Debug|Any CPU.ActiveCfg = Debug|Any CPU
		{A8F419A3-19A6-4236-9E59-17C701B59586}.Debug|Any CPU.Build.0 = Debug|Any CPU
		{A8F419A3-19A6-4236-9E59-17C701B59586}.Release|Any CPU.ActiveCfg = Release|Any CPU
		{A8F419A3-19A6-4236-9E59-17C701B59586}.Release|Any CPU.Build.0 = Release|Any CPU
	EndGlobalSection
	GlobalSection(SolutionProperties) = preSolution
		HideSolutionNode = FALSE
	EndGlobalSection
	GlobalSection(ExtensibilityGlobals) = postSolution
		SolutionGuid = {5D7C90E5-F3BB-4277-AAD4-9B35CA9F2745}
	EndGlobalSection
EndGlobal
